<?xml version="1.0" encoding="utf-8"?>
<Project ToolsVersion="4.0" xmlns="http://schemas.microsoft.com/developer/msbuild/2003">
  <ItemGroup>
    <ClCompile Include="Game.cpp" />
    <ClCompile Include="main.cpp" />
    <ClCompile Include="GameObject.cpp">
      <Filter>GameObjects</Filter>
    </ClCompile>
    <ClCompile Include="Component.cpp">
      <Filter>Components</Filter>
    </ClCompile>
    <ClCompile Include="MoveComponent.cpp">
      <Filter>Components</Filter>
    </ClCompile>
    <ClCompile Include="SpriteComponent.cpp">
      <Filter>Components</Filter>
    </ClCompile>
    <ClCompile Include="Math.cpp">
      <Filter>Math</Filter>
    </ClCompile>
    <ClCompile Include="CameraObject.cpp">
      <Filter>GameObjects</Filter>
    </ClCompile>
    <ClCompile Include="Renderer.cpp">
      <Filter>Renderer</Filter>
    </ClCompile>
    <ClCompile Include="VertexArray.cpp">
      <Filter>Renderer</Filter>
    </ClCompile>
    <ClCompile Include="Shader.cpp">
      <Filter>Renderer</Filter>
    </ClCompile>
    <ClCompile Include="Texture.cpp">
      <Filter>Renderer</Filter>
    </ClCompile>
    <ClCompile Include="Mesh.cpp">
      <Filter>Renderer</Filter>
    </ClCompile>
    <ClCompile Include="FPS.cpp">
      <Filter>FPS</Filter>
    </ClCompile>
    <ClCompile Include="InputSystem.cpp">
      <Filter>InputSystem</Filter>
    </ClCompile>
    <ClCompile Include="InputComponent.cpp">
      <Filter>Components</Filter>
    </ClCompile>
    <ClCompile Include="CameraComponent.cpp">
      <Filter>Camera</Filter>
    </ClCompile>
    <ClCompile Include="FPSCamera.cpp">
      <Filter>FPSCamera</Filter>
    </ClCompile>
    <ClCompile Include="FPSGameObject.cpp">
      <Filter>FPSCamera</Filter>
    </ClCompile>
    <ClCompile Include="Collision.cpp">
      <Filter>Collider</Filter>
    </ClCompile>
    <ClCompile Include="PhysicsWorld.cpp">
      <Filter>Collider</Filter>
    </ClCompile>
    <ClCompile Include="PlayerObject.cpp">
      <Filter>PlayerObject</Filter>
    </ClCompile>
    <ClCompile Include="AutoRunComponent.cpp">
      <Filter>PlayerObject</Filter>
    </ClCompile>
    <ClCompile Include="MainCamera.cpp">
      <Filter>PlayerObject</Filter>
    </ClCompile>
    <ClCompile Include="RotateComponent.cpp">
      <Filter>PlayerObject</Filter>
    </ClCompile>
    <ClCompile Include="ColliderComponent.cpp">
      <Filter>Collider</Filter>
    </ClCompile>
    <ClCompile Include="SphereCollider.cpp">
      <Filter>Collider</Filter>
    </ClCompile>
    <ClCompile Include="FollowCamera.cpp">
      <Filter>Camera</Filter>
    </ClCompile>
    <ClCompile Include="FollowCameraObject.cpp">
      <Filter>Camera</Filter>
    </ClCompile>
    <ClCompile Include="SphereObject.cpp">
      <Filter>GameObjects</Filter>
    </ClCompile>
    <ClCompile Include="BoxCollider.cpp">
      <Filter>Collider</Filter>
    </ClCompile>
    <ClCompile Include="BoxObject.cpp">
      <Filter>GameObjects</Filter>
    </ClCompile>
    <ClCompile Include="ObstacleManager.cpp">
      <Filter>Obstacle</Filter>
    </ClCompile>
    <ClCompile Include="ObstacleObject.cpp">
      <Filter>Obstacle</Filter>
    </ClCompile>
    <ClCompile Include="WallObject.cpp">
      <Filter>GameObjects</Filter>
    </ClCompile>
    <ClCompile Include="ObstacleBox.cpp">
      <Filter>Obstacle</Filter>
    </ClCompile>
    <ClCompile Include="ObstacleMapLoder.cpp">
      <Filter>Obstacle</Filter>
    </ClCompile>
    <ClCompile Include="BikeObject.cpp">
      <Filter>PlayerObject</Filter>
    </ClCompile>
    <ClCompile Include="SlidingObject.cpp">
      <Filter>Obstacle</Filter>
    </ClCompile>
    <ClCompile Include="UVScrollMesh.cpp">
      <Filter>Renderer</Filter>
    </ClCompile>
    <ClCompile Include="UIScreen.cpp">
      <Filter>UI</Filter>
    </ClCompile>
    <ClCompile Include="Font.cpp">
      <Filter>UI</Filter>
    </ClCompile>
    <ClCompile Include="ActionArea.cpp">
      <Filter>PlayerObject\Action</Filter>
    </ClCompile>
    <ClCompile Include="ObstacleCheck.cpp">
      <Filter>PlayerObject\Action</Filter>
    </ClCompile>
    <ClCompile Include="JumpCheck.cpp">
      <Filter>PlayerObject\Action</Filter>
    </ClCompile>
    <ClCompile Include="SceneManager.cpp">
      <Filter>Scene</Filter>
    </ClCompile>
    <ClCompile Include="UIManager.cpp">
      <Filter>UI</Filter>
    </ClCompile>
    <ClCompile Include="PauseMenu.cpp">
      <Filter>UI</Filter>
    </ClCompile>
    <ClCompile Include="DialogBox.cpp">
      <Filter>UI</Filter>
    </ClCompile>
    <ClCompile Include="JumpAnimation.cpp">
      <Filter>PlayerObject\Aniamtion\Jump</Filter>
    </ClCompile>
    <ClCompile Include="JumpAnimation2.cpp">
      <Filter>PlayerObject\Aniamtion\Jump</Filter>
    </ClCompile>
    <ClCompile Include="AnimationClip.cpp">
      <Filter>Animation</Filter>
    </ClCompile>
    <ClCompile Include="AnimationComponent.cpp">
      <Filter>Animation</Filter>
    </ClCompile>
    <ClCompile Include="AnimationController.cpp">
      <Filter>Animation</Filter>
    </ClCompile>
    <ClCompile Include="PlayerAnimationController.cpp">
      <Filter>PlayerObject\Aniamtion</Filter>
    </ClCompile>
    <ClCompile Include="JumpAnimation3.cpp">
      <Filter>PlayerObject\Aniamtion\Jump</Filter>
    </ClCompile>
    <ClCompile Include="JumpAnimation4.cpp">
      <Filter>PlayerObject\Aniamtion\Jump</Filter>
    </ClCompile>
    <ClCompile Include="ParticleComponent.cpp">
      <Filter>Particle</Filter>
    </ClCompile>
    <ClCompile Include="imgui\imgui.cpp">
      <Filter>imgui</Filter>
    </ClCompile>
    <ClCompile Include="imgui\imgui_demo.cpp">
      <Filter>imgui</Filter>
    </ClCompile>
    <ClCompile Include="imgui\imgui_draw.cpp">
      <Filter>imgui</Filter>
    </ClCompile>
    <ClCompile Include="imgui\imgui_impl_opengl3.cpp">
      <Filter>imgui</Filter>
    </ClCompile>
    <ClCompile Include="imgui\imgui_widgets.cpp">
      <Filter>imgui</Filter>
    </ClCompile>
    <ClCompile Include="imgui\imgui_impl_glfw.cpp">
      <Filter>imgui</Filter>
    </ClCompile>
    <ClCompile Include="..\..\External\gl3w\GL\gl3w.c">
      <Filter>imgui</Filter>
    </ClCompile>
    <ClCompile Include="imgui\imgui_impl_sdl.cpp">
      <Filter>imgui</Filter>
    </ClCompile>
    <ClCompile Include="HDRMeshComponent.cpp">
      <Filter>MeshComponent</Filter>
    </ClCompile>
    <ClCompile Include="MeshComponent.cpp">
      <Filter>MeshComponent</Filter>
    </ClCompile>
    <ClCompile Include="WallMeshComponent.cpp">
      <Filter>MeshComponent</Filter>
    </ClCompile>
    <ClCompile Include="imguiManager.cpp">
      <Filter>imgui</Filter>
    </ClCompile>
    <ClCompile Include="EffekseerManager.cpp">
      <Filter>Particle</Filter>
    </ClCompile>
    <ClCompile Include="Titlelogo.cpp" />
    <ClCompile Include="ResultLogo.cpp" />
    <ClCompile Include="EffectComponent.cpp">
      <Filter>Particle</Filter>
    </ClCompile>
    <ClCompile Include="BoostItem.cpp" />
  </ItemGroup>
  <ItemGroup>
    <ClInclude Include="Game.h" />
    <ClInclude Include="GameObject.h">
      <Filter>GameObjects</Filter>
    </ClInclude>
    <ClInclude Include="Component.h">
      <Filter>Components</Filter>
    </ClInclude>
    <ClInclude Include="MoveComponent.h">
      <Filter>Components</Filter>
    </ClInclude>
    <ClInclude Include="SpriteComponent.h">
      <Filter>Components</Filter>
    </ClInclude>
    <ClInclude Include="Math.h">
      <Filter>Math</Filter>
    </ClInclude>
    <ClInclude Include="CameraObject.h">
      <Filter>GameObjects</Filter>
    </ClInclude>
    <ClInclude Include="Renderer.h">
      <Filter>Renderer</Filter>
    </ClInclude>
    <ClInclude Include="VertexArray.h">
      <Filter>Renderer</Filter>
    </ClInclude>
    <ClInclude Include="Shader.h">
      <Filter>Renderer</Filter>
    </ClInclude>
    <ClInclude Include="Texture.h">
      <Filter>Renderer</Filter>
    </ClInclude>
    <ClInclude Include="Mesh.h">
      <Filter>Renderer</Filter>
    </ClInclude>
    <ClInclude Include="FPS.h">
      <Filter>FPS</Filter>
    </ClInclude>
    <ClInclude Include="InputSystem.h">
      <Filter>InputSystem</Filter>
    </ClInclude>
    <ClInclude Include="InputComponent.h">
      <Filter>Components</Filter>
    </ClInclude>
    <ClInclude Include="CameraComponent.h">
      <Filter>Camera</Filter>
    </ClInclude>
    <ClInclude Include="FPSCamera.h">
      <Filter>FPSCamera</Filter>
    </ClInclude>
    <ClInclude Include="FPSGameObject.h">
      <Filter>FPSCamera</Filter>
    </ClInclude>
    <ClInclude Include="Collision.h">
      <Filter>Collider</Filter>
    </ClInclude>
    <ClInclude Include="PhysicsWorld.h">
      <Filter>Collider</Filter>
    </ClInclude>
    <ClInclude Include="PlayerObject.h">
      <Filter>PlayerObject</Filter>
    </ClInclude>
    <ClInclude Include="AutoRunComponent.h">
      <Filter>PlayerObject</Filter>
    </ClInclude>
    <ClInclude Include="MainCamera.h">
      <Filter>PlayerObject</Filter>
    </ClInclude>
    <ClInclude Include="RotateComponent.h">
      <Filter>PlayerObject</Filter>
    </ClInclude>
    <ClInclude Include="ColliderComponent.h">
      <Filter>Collider</Filter>
    </ClInclude>
    <ClInclude Include="SphereCollider.h">
      <Filter>Collider</Filter>
    </ClInclude>
    <ClInclude Include="FollowCamera.h">
      <Filter>Camera</Filter>
    </ClInclude>
    <ClInclude Include="FollowCameraObject.h">
      <Filter>Camera</Filter>
    </ClInclude>
    <ClInclude Include="SphereObject.h">
      <Filter>GameObjects</Filter>
    </ClInclude>
    <ClInclude Include="BoxCollider.h">
      <Filter>Collider</Filter>
    </ClInclude>
    <ClInclude Include="BoxObject.h">
      <Filter>GameObjects</Filter>
    </ClInclude>
    <ClInclude Include="ObstacleManager.h">
      <Filter>Obstacle</Filter>
    </ClInclude>
    <ClInclude Include="ObstacleObject.h">
      <Filter>Obstacle</Filter>
    </ClInclude>
    <ClInclude Include="WallObject.h">
      <Filter>GameObjects</Filter>
    </ClInclude>
    <ClInclude Include="ObstacleBox.h">
      <Filter>Obstacle</Filter>
    </ClInclude>
    <ClInclude Include="ObstacleMapLoder.h">
      <Filter>Obstacle</Filter>
    </ClInclude>
    <ClInclude Include="BikeObject.h">
      <Filter>PlayerObject</Filter>
    </ClInclude>
    <ClInclude Include="SlidingObject.h">
      <Filter>Obstacle</Filter>
    </ClInclude>
    <ClInclude Include="UVScrollMesh.h">
      <Filter>Renderer</Filter>
    </ClInclude>
    <ClInclude Include="UIScreen.h">
      <Filter>UI</Filter>
    </ClInclude>
    <ClInclude Include="Font.h">
      <Filter>UI</Filter>
    </ClInclude>
    <ClInclude Include="ActionArea.h">
      <Filter>PlayerObject\Action</Filter>
    </ClInclude>
    <ClInclude Include="ObstacleCheck.h">
      <Filter>PlayerObject\Action</Filter>
    </ClInclude>
    <ClInclude Include="JumpCheck.h">
      <Filter>PlayerObject\Action</Filter>
    </ClInclude>
    <ClInclude Include="SceneManager.h">
      <Filter>Scene</Filter>
    </ClInclude>
    <ClInclude Include="UIManager.h">
      <Filter>UI</Filter>
    </ClInclude>
    <ClInclude Include="PauseMenu.h">
      <Filter>UI</Filter>
    </ClInclude>
    <ClInclude Include="DialogBox.h">
      <Filter>UI</Filter>
    </ClInclude>
    <ClInclude Include="JumpAnimation.h">
      <Filter>PlayerObject\Aniamtion\Jump</Filter>
    </ClInclude>
    <ClInclude Include="JumpAnimation2.h">
      <Filter>PlayerObject\Aniamtion\Jump</Filter>
    </ClInclude>
    <ClInclude Include="AnimationClip.h">
      <Filter>Animation</Filter>
    </ClInclude>
    <ClInclude Include="AnimationComponent.h">
      <Filter>Animation</Filter>
    </ClInclude>
    <ClInclude Include="AnimationController.h">
      <Filter>Animation</Filter>
    </ClInclude>
    <ClInclude Include="PlayerAnimationController.h">
      <Filter>PlayerObject\Aniamtion</Filter>
    </ClInclude>
    <ClInclude Include="JumpAnimation3.h">
      <Filter>PlayerObject\Aniamtion\Jump</Filter>
    </ClInclude>
    <ClInclude Include="JumpAnimation4.h">
      <Filter>PlayerObject\Aniamtion\Jump</Filter>
    </ClInclude>
    <ClInclude Include="ParticleComponent.h">
      <Filter>Particle</Filter>
    </ClInclude>
    <ClInclude Include="imgui\imconfig.h">
      <Filter>imgui</Filter>
    </ClInclude>
    <ClInclude Include="imgui\imgui.h">
      <Filter>imgui</Filter>
    </ClInclude>
    <ClInclude Include="imgui\imgui_impl_opengl3.h">
      <Filter>imgui</Filter>
    </ClInclude>
    <ClInclude Include="imgui\imgui_internal.h">
      <Filter>imgui</Filter>
    </ClInclude>
    <ClInclude Include="imgui\imgui_impl_glfw.h">
      <Filter>imgui</Filter>
    </ClInclude>
    <ClInclude Include="..\..\External\gl3w\GL\gl3w.h">
      <Filter>imgui</Filter>
    </ClInclude>
    <ClInclude Include="..\..\External\gl3w\GL\glcorearb.h">
      <Filter>imgui</Filter>
    </ClInclude>
    <ClInclude Include="imgui\imstb_textedit.h">
      <Filter>imgui</Filter>
    </ClInclude>
    <ClInclude Include="imgui\imstb_rectpack.h">
      <Filter>imgui</Filter>
    </ClInclude>
    <ClInclude Include="imgui\imstb_truetype.h">
      <Filter>imgui</Filter>
    </ClInclude>
    <ClInclude Include="imgui\imgui_impl_sdl.h">
      <Filter>imgui</Filter>
    </ClInclude>
    <ClInclude Include="HDRMeshComponent.h">
      <Filter>MeshComponent</Filter>
    </ClInclude>
    <ClInclude Include="MeshComponent.h">
      <Filter>MeshComponent</Filter>
    </ClInclude>
    <ClInclude Include="WallMeshComponent.h">
      <Filter>MeshComponent</Filter>
    </ClInclude>
    <ClInclude Include="Common.h" />
    <ClInclude Include="imguiManager.h">
      <Filter>imgui</Filter>
    </ClInclude>
    <ClInclude Include="EffekseerManager.h">
      <Filter>Particle</Filter>
    </ClInclude>
    <ClInclude Include="Titlelogo.h" />
    <ClInclude Include="ResultLogo.h" />
    <ClInclude Include="EffectComponent.h">
      <Filter>Particle</Filter>
    </ClInclude>
    <ClInclude Include="BoostItem.h" />
  </ItemGroup>
  <ItemGroup>
    <Filter Include="GameObjects">
      <UniqueIdentifier>{614f7629-f9b4-4e84-a619-9d3738c2e48a}</UniqueIdentifier>
    </Filter>
    <Filter Include="Components">
      <UniqueIdentifier>{453546c5-e9de-4e3e-a25b-f98a2b7e8960}</UniqueIdentifier>
    </Filter>
    <Filter Include="Renderer">
      <UniqueIdentifier>{82d6709d-ae31-4598-b249-044af437e576}</UniqueIdentifier>
    </Filter>
    <Filter Include="FPS">
      <UniqueIdentifier>{f5cd1200-4d13-4894-b195-06cc32386c5f}</UniqueIdentifier>
    </Filter>
    <Filter Include="InputSystem">
      <UniqueIdentifier>{86dd1375-242a-47c5-b4ab-8c242a88e640}</UniqueIdentifier>
    </Filter>
    <Filter Include="Camera">
      <UniqueIdentifier>{baceb5f2-8168-4a27-a023-a8b9d9ba8383}</UniqueIdentifier>
    </Filter>
    <Filter Include="FPSCamera">
      <UniqueIdentifier>{b427765a-6a2f-4bbd-b4b0-d4aa06f05efb}</UniqueIdentifier>
    </Filter>
    <Filter Include="Collider">
      <UniqueIdentifier>{016f7373-9fd9-4a05-bbd3-36e0ad2fe6f6}</UniqueIdentifier>
    </Filter>
    <Filter Include="PlayerObject">
      <UniqueIdentifier>{e043dd64-5fbe-40fa-a067-148e66f6a8ae}</UniqueIdentifier>
    </Filter>
    <Filter Include="Scene">
      <UniqueIdentifier>{df0532af-3c8b-4d63-8ea0-ddaca7007ebe}</UniqueIdentifier>
    </Filter>
    <Filter Include="Obstacle">
      <UniqueIdentifier>{77fa87bd-9d0d-4030-a43a-f415dee437de}</UniqueIdentifier>
    </Filter>
    <Filter Include="Math">
      <UniqueIdentifier>{6a202267-f302-460a-bad2-773b2329bbdd}</UniqueIdentifier>
    </Filter>
    <Filter Include="PlayerObject\Action">
      <UniqueIdentifier>{34c15fbd-516e-4597-93eb-c961a32e688d}</UniqueIdentifier>
    </Filter>
    <Filter Include="PlayerObject\Aniamtion">
      <UniqueIdentifier>{446985cd-cfc5-40da-9609-740e9e6fd6d3}</UniqueIdentifier>
    </Filter>
    <Filter Include="PlayerObject\Aniamtion\Jump">
      <UniqueIdentifier>{c9949255-a191-47dc-8e4c-374eb01c657b}</UniqueIdentifier>
    </Filter>
    <Filter Include="Animation">
      <UniqueIdentifier>{93049d66-9365-43a9-b04f-ba23f27dcc67}</UniqueIdentifier>
    </Filter>
    <Filter Include="Shader">
      <UniqueIdentifier>{1614d1a3-f154-4a95-95e0-e37a0017b116}</UniqueIdentifier>
    </Filter>
    <Filter Include="UI">
      <UniqueIdentifier>{2851d23f-6a23-4ecb-ac2c-bcaf0494d8f7}</UniqueIdentifier>
    </Filter>
    <Filter Include="Particle">
      <UniqueIdentifier>{b8189add-150c-4bc8-97a9-f11d0aa51abf}</UniqueIdentifier>
    </Filter>
    <Filter Include="imgui">
      <UniqueIdentifier>{ad0cef99-cd75-4a70-b88a-19cbe42ecf35}</UniqueIdentifier>
    </Filter>
    <Filter Include="MeshComponent">
      <UniqueIdentifier>{672eea7b-1db4-48bc-aec1-d3172af78e83}</UniqueIdentifier>
    </Filter>
  </ItemGroup>
  <ItemGroup>
    <None Include="Shaders\Phong.frag">
      <Filter>Shader</Filter>
    </None>
    <None Include="Shaders\Phong.vert">
      <Filter>Shader</Filter>
    </None>
    <None Include="Shaders\Sprite.frag">
      <Filter>Shader</Filter>
    </None>
    <None Include="Shaders\Sprite.vert">
      <Filter>Shader</Filter>
    </None>
    <None Include="Shaders\UVScroll.frag">
      <Filter>Shader</Filter>
    </None>
    <None Include="Shaders\UVScroll.vert">
      <Filter>Shader</Filter>
    </None>
    <None Include="Shaders\WallShader.frag">
      <Filter>Shader</Filter>
    </None>
    <None Include="Shaders\WallShader.vert">
      <Filter>Shader</Filter>
    </None>
    <None Include="Shaders\BasicMesh.frag">
      <Filter>Shader</Filter>
    </None>
    <None Include="Shaders\BasicMesh.vert">
      <Filter>Shader</Filter>
    </None>
    <None Include="Shaders\AlphaTest.frag">
      <Filter>Shader</Filter>
    </None>
    <None Include="Shaders\AlphaTest.vert">
      <Filter>Shader</Filter>
    </None>
    <None Include="Shaders\FullScreenRender.frag">
      <Filter>Shader</Filter>
    </None>
    <None Include="Shaders\FullScreenRender.vert">
      <Filter>Shader</Filter>
    </None>
    <None Include="Shaders\GausuBokasi.frag">
      <Filter>Shader</Filter>
    </None>
  </ItemGroup>
  <ItemGroup>
    <Natvis Include="imgui\imgui.natvis">
      <Filter>imgui</Filter>
    </Natvis>
  </ItemGroup>
</Project>